// !$*UTF8*$!
{
	archiveVersion = 1;
	classes = {
	};
	objectVersion = 56;
	objects = {

/* Begin PBXBuildFile section */
		27A66D732B57DCCC0010BD5C /* DetailViewController.swift in Sources */ = {isa = PBXBuildFile; fileRef = 27A66D722B57DCCC0010BD5C /* DetailViewController.swift */; };
		27A66D752B57DD030010BD5C /* TableViewCell.swift in Sources */ = {isa = PBXBuildFile; fileRef = 27A66D742B57DD030010BD5C /* TableViewCell.swift */; };
		27A7D7E42B56B11F0086D14A /* AppDelegate.swift in Sources */ = {isa = PBXBuildFile; fileRef = 27A7D7E32B56B11F0086D14A /* AppDelegate.swift */; };
		27A7D7E62B56B11F0086D14A /* SceneDelegate.swift in Sources */ = {isa = PBXBuildFile; fileRef = 27A7D7E52B56B11F0086D14A /* SceneDelegate.swift */; };
		27A7D7E82B56B11F0086D14A /* ViewController.swift in Sources */ = {isa = PBXBuildFile; fileRef = 27A7D7E72B56B11F0086D14A /* ViewController.swift */; };
		27A7D7EB2B56B11F0086D14A /* Main.storyboard in Resources */ = {isa = PBXBuildFile; fileRef = 27A7D7E92B56B11F0086D14A /* Main.storyboard */; };
		27A7D7EE2B56B11F0086D14A /* CoreData3_Save.xcdatamodeld in Sources */ = {isa = PBXBuildFile; fileRef = 27A7D7EC2B56B11F0086D14A /* CoreData3_Save.xcdatamodeld */; };
		27A7D7F02B56B1230086D14A /* Assets.xcassets in Resources */ = {isa = PBXBuildFile; fileRef = 27A7D7EF2B56B1230086D14A /* Assets.xcassets */; };
		27A7D7F32B56B1230086D14A /* LaunchScreen.storyboard in Resources */ = {isa = PBXBuildFile; fileRef = 27A7D7F12B56B1230086D14A /* LaunchScreen.storyboard */; };
		27A7D7FC2B56B1D10086D14A /* Student+CoreDataClass.swift in Sources */ = {isa = PBXBuildFile; fileRef = 27A7D7FA2B56B1D10086D14A /* Student+CoreDataClass.swift */; };
		27A7D7FD2B56B1D10086D14A /* Student+CoreDataProperties.swift in Sources */ = {isa = PBXBuildFile; fileRef = 27A7D7FB2B56B1D10086D14A /* Student+CoreDataProperties.swift */; };
		27A7D7FF2B56B5550086D14A /* DatabaseHelper.swift in Sources */ = {isa = PBXBuildFile; fileRef = 27A7D7FE2B56B5550086D14A /* DatabaseHelper.swift */; };
		27A7D8022B56B61F0086D14A /* CoreData.framework in Frameworks */ = {isa = PBXBuildFile; fileRef = 27A7D8012B56B61F0086D14A /* CoreData.framework */; };
/* End PBXBuildFile section */

/* Begin PBXFileReference section */
		27A66D722B57DCCC0010BD5C /* DetailViewController.swift */ = {isa = PBXFileReference; lastKnownFileType = sourcecode.swift; path = DetailViewController.swift; sourceTree = "<group>"; };
		27A66D742B57DD030010BD5C /* TableViewCell.swift */ = {isa = PBXFileReference; lastKnownFileType = sourcecode.swift; path = TableViewCell.swift; sourceTree = "<group>"; };
		27A7D7E02B56B11F0086D14A /* CoreData3-Save.app */ = {isa = PBXFileReference; explicitFileType = wrapper.application; includeInIndex = 0; path = "CoreData3-Save.app"; sourceTree = BUILT_PRODUCTS_DIR; };
		27A7D7E32B56B11F0086D14A /* AppDelegate.swift */ = {isa = PBXFileReference; lastKnownFileType = sourcecode.swift; path = AppDelegate.swift; sourceTree = "<group>"; };
		27A7D7E52B56B11F0086D14A /* SceneDelegate.swift */ = {isa = PBXFileReference; lastKnownFileType = sourcecode.swift; path = SceneDelegate.swift; sourceTree = "<group>"; };
		27A7D7E72B56B11F0086D14A /* ViewController.swift */ = {isa = PBXFileReference; lastKnownFileType = sourcecode.swift; path = ViewController.swift; sourceTree = "<group>"; };
		27A7D7EA2B56B11F0086D14A /* Base */ = {isa = PBXFileReference; lastKnownFileType = file.storyboard; name = Base; path = Base.lproj/Main.storyboard; sourceTree = "<group>"; };
		27A7D7ED2B56B11F0086D14A /* CoreData3_Save.xcdatamodel */ = {isa = PBXFileReference; lastKnownFileType = wrapper.xcdatamodel; path = CoreData3_Save.xcdatamodel; sourceTree = "<group>"; };
		27A7D7EF2B56B1230086D14A /* Assets.xcassets */ = {isa = PBXFileReference; lastKnownFileType = folder.assetcatalog; path = Assets.xcassets; sourceTree = "<group>"; };
		27A7D7F22B56B1230086D14A /* Base */ = {isa = PBXFileReference; lastKnownFileType = file.storyboard; name = Base; path = Base.lproj/LaunchScreen.storyboard; sourceTree = "<group>"; };
		27A7D7F42B56B1230086D14A /* Info.plist */ = {isa = PBXFileReference; lastKnownFileType = text.plist.xml; path = Info.plist; sourceTree = "<group>"; };
		27A7D7FA2B56B1D10086D14A /* Student+CoreDataClass.swift */ = {isa = PBXFileReference; lastKnownFileType = sourcecode.swift; path = "Student+CoreDataClass.swift"; sourceTree = "<group>"; };
		27A7D7FB2B56B1D10086D14A /* Student+CoreDataProperties.swift */ = {isa = PBXFileReference; lastKnownFileType = sourcecode.swift; path = "Student+CoreDataProperties.swift"; sourceTree = "<group>"; };
		27A7D7FE2B56B5550086D14A /* DatabaseHelper.swift */ = {isa = PBXFileReference; lastKnownFileType = sourcecode.swift; path = DatabaseHelper.swift; sourceTree = "<group>"; };
		27A7D8012B56B61F0086D14A /* CoreData.framework */ = {isa = PBXFileReference; lastKnownFileType = wrapper.framework; name = CoreData.framework; path = System/Library/Frameworks/CoreData.framework; sourceTree = SDKROOT; };
/* End PBXFileReference section */

/* Begin PBXFrameworksBuildPhase section */
		27A7D7DD2B56B11F0086D14A /* Frameworks */ = {
			isa = PBXFrameworksBuildPhase;
			buildActionMask = 2147483647;
			files = (
				27A7D8022B56B61F0086D14A /* CoreData.framework in Frameworks */,
			);
			runOnlyForDeploymentPostprocessing = 0;
		};
/* End PBXFrameworksBuildPhase section */

/* Begin PBXGroup section */
		27A66D762B57DFDD0010BD5C /* Model */ = {
			isa = PBXGroup;
			children = (
				27A7D7FE2B56B5550086D14A /* DatabaseHelper.swift */,
			);
			path = Model;
			sourceTree = "<group>";
		};
		27A66D772B57DFE20010BD5C /* View */ = {
			isa = PBXGroup;
			children = (
				27A7D7E92B56B11F0086D14A /* Main.storyboard */,
			);
			path = View;
			sourceTree = "<group>";
		};
		27A66D792B57DFF00010BD5C /* Controller */ = {
			isa = PBXGroup;
			children = (
				27A7D7E72B56B11F0086D14A /* ViewController.swift */,
				27A66D722B57DCCC0010BD5C /* DetailViewController.swift */,
				27A66D742B57DD030010BD5C /* TableViewCell.swift */,
			);
			path = Controller;
			sourceTree = "<group>";
		};
		27A66D7A2B57E0220010BD5C /* Supporting File */ = {
			isa = PBXGroup;
			children = (
				27A7D7FA2B56B1D10086D14A /* Student+CoreDataClass.swift */,
				27A7D7FB2B56B1D10086D14A /* Student+CoreDataProperties.swift */,
			);
			path = "Supporting File";
			sourceTree = "<group>";
		};
		27A7D7D72B56B11F0086D14A = {
			isa = PBXGroup;
			children = (
				27A7D7E22B56B11F0086D14A /* CoreData3-Save */,
				27A7D7E12B56B11F0086D14A /* Products */,
				27A7D8002B56B61F0086D14A /* Frameworks */,
			);
			sourceTree = "<group>";
		};
		27A7D7E12B56B11F0086D14A /* Products */ = {
			isa = PBXGroup;
			children = (
				27A7D7E02B56B11F0086D14A /* CoreData3-Save.app */,
			);
			name = Products;
			sourceTree = "<group>";
		};
		27A7D7E22B56B11F0086D14A /* CoreData3-Save */ = {
			isa = PBXGroup;
			children = (
				27A66D7A2B57E0220010BD5C /* Supporting File */,
				27A66D792B57DFF00010BD5C /* Controller */,
				27A66D772B57DFE20010BD5C /* View */,
				27A66D762B57DFDD0010BD5C /* Model */,
				27A7D7E32B56B11F0086D14A /* AppDelegate.swift */,
				27A7D7E52B56B11F0086D14A /* SceneDelegate.swift */,
				27A7D7EF2B56B1230086D14A /* Assets.xcassets */,
				27A7D7F12B56B1230086D14A /* LaunchScreen.storyboard */,
				27A7D7F42B56B1230086D14A /* Info.plist */,
				27A7D7EC2B56B11F0086D14A /* CoreData3_Save.xcdatamodeld */,
			);
			path = "CoreData3-Save";
			sourceTree = "<group>";
		};
		27A7D8002B56B61F0086D14A /* Frameworks */ = {
			isa = PBXGroup;
			children = (
				27A7D8012B56B61F0086D14A /* CoreData.framework */,
			);
			name = Frameworks;
			sourceTree = "<group>";
		};
/* End PBXGroup section */

/* Begin PBXNativeTarget section */
		27A7D7DF2B56B11F0086D14A /* CoreData3-Save */ = {
			isa = PBXNativeTarget;
			buildConfigurationList = 27A7D7F72B56B1230086D14A /* Build configuration list for PBXNativeTarget "CoreData3-Save" */;
			buildPhases = (
				27A7D7DC2B56B11F0086D14A /* Sources */,
				27A7D7DD2B56B11F0086D14A /* Frameworks */,
				27A7D7DE2B56B11F0086D14A /* Resources */,
			);
			buildRules = (
			);
			dependencies = (
			);
			name = "CoreData3-Save";
			productName = "CoreData3-Save";
			productReference = 27A7D7E02B56B11F0086D14A /* CoreData3-Save.app */;
			productType = "com.apple.product-type.application";
		};
/* End PBXNativeTarget section */

/* Begin PBXProject section */
		27A7D7D82B56B11F0086D14A /* Project object */ = {
			isa = PBXProject;
			attributes = {
				BuildIndependentTargetsInParallel = 1;
				LastSwiftUpdateCheck = 1510;
				LastUpgradeCheck = 1510;
				TargetAttributes = {
					27A7D7DF2B56B11F0086D14A = {
						CreatedOnToolsVersion = 15.1;
					};
				};
			};
			buildConfigurationList = 27A7D7DB2B56B11F0086D14A /* Build configuration list for PBXProject "CoreData3-Save" */;
			compatibilityVersion = "Xcode 14.0";
			developmentRegion = en;
			hasScannedForEncodings = 0;
			knownRegions = (
				en,
				Base,
			);
			mainGroup = 27A7D7D72B56B11F0086D14A;
			productRefGroup = 27A7D7E12B56B11F0086D14A /* Products */;
			projectDirPath = "";
			projectRoot = "";
			targets = (
				27A7D7DF2B56B11F0086D14A /* CoreData3-Save */,
			);
		};
/* End PBXProject section */

/* Begin PBXResourcesBuildPhase section */
		27A7D7DE2B56B11F0086D14A /* Resources */ = {
			isa = PBXResourcesBuildPhase;
			buildActionMask = 2147483647;
			files = (
				27A7D7F32B56B1230086D14A /* LaunchScreen.storyboard in Resources */,
				27A7D7F02B56B1230086D14A /* Assets.xcassets in Resources */,
				27A7D7EB2B56B11F0086D14A /* Main.storyboard in Resources */,
			);
			runOnlyForDeploymentPostprocessing = 0;
		};
/* End PBXResourcesBuildPhase section */

/* Begin PBXSourcesBuildPhase section */
		27A7D7DC2B56B11F0086D14A /* Sources */ = {
			isa = PBXSourcesBuildPhase;
			buildActionMask = 2147483647;
			files = (
				27A7D7FD2B56B1D10086D14A /* Student+CoreDataProperties.swift in Sources */,
				27A7D7E82B56B11F0086D14A /* ViewController.swift in Sources */,
				27A7D7E42B56B11F0086D14A /* AppDelegate.swift in Sources */,
				27A66D752B57DD030010BD5C /* TableViewCell.swift in Sources */,
				27A7D7FF2B56B5550086D14A /* DatabaseHelper.swift in Sources */,
				27A7D7E62B56B11F0086D14A /* SceneDelegate.swift in Sources */,
				27A7D7EE2B56B11F0086D14A /* CoreData3_Save.xcdatamodeld in Sources */,
				27A7D7FC2B56B1D10086D14A /* Student+CoreDataClass.swift in Sources */,
				27A66D732B57DCCC0010BD5C /* DetailViewController.swift in Sources */,
			);
			runOnlyForDeploymentPostprocessing = 0;
		};
/* End PBXSourcesBuildPhase section */

/* Begin PBXVariantGroup section */
		27A7D7E92B56B11F0086D14A /* Main.storyboard */ = {
			isa = PBXVariantGroup;
			children = (
				27A7D7EA2B56B11F0086D14A /* Base */,
			);
			name = Main.storyboard;
			sourceTree = "<group>";
		};
		27A7D7F12B56B1230086D14A /* LaunchScreen.storyboard */ = {
			isa = PBXVariantGroup;
			children = (
				27A7D7F22B56B1230086D14A /* Base */,
			);
			name = LaunchScreen.storyboard;
			sourceTree = "<group>";
		};
/* End PBXVariantGroup section */

/* Begin XCBuildConfiguration section */
		27A7D7F52B56B1230086D14A /* Debug */ = {
			isa = XCBuildConfiguration;
			buildSettings = {
				ALWAYS_SEARCH_USER_PATHS = NO;
				ASSETCATALOG_COMPILER_GENERATE_SWIFT_ASSET_SYMBOL_EXTENSIONS = YES;
				CLANG_ANALYZER_NONNULL = YES;
				CLANG_ANALYZER_NUMBER_OBJECT_CONVERSION = YES_AGGRESSIVE;
				CLANG_CXX_LANGUAGE_STANDARD = "gnu++20";
				CLANG_ENABLE_MODULES = YES;
				CLANG_ENABLE_OBJC_ARC = YES;
				CLANG_ENABLE_OBJC_WEAK = YES;
				CLANG_WARN_BLOCK_CAPTURE_AUTORELEASING = YES;
				CLANG_WARN_BOOL_CONVERSION = YES;
				CLANG_WARN_COMMA = YES;
				CLANG_WARN_CONSTANT_CONVERSION = YES;
				CLANG_WARN_DEPRECATED_OBJC_IMPLEMENTATIONS = YES;
				CLANG_WARN_DIRECT_OBJC_ISA_USAGE = YES_ERROR;
				CLANG_WARN_DOCUMENTATION_COMMENTS = YES;
				CLANG_WARN_EMPTY_BODY = YES;
				CLANG_WARN_ENUM_CONVERSION = YES;
				CLANG_WARN_INFINITE_RECURSION = YES;
				CLANG_WARN_INT_CONVERSION = YES;
				CLANG_WARN_NON_LITERAL_NULL_CONVERSION = YES;
				CLANG_WARN_OBJC_IMPLICIT_RETAIN_SELF = YES;
				CLANG_WARN_OBJC_LITERAL_CONVERSION = YES;
				CLANG_WARN_OBJC_ROOT_CLASS = YES_ERROR;
				CLANG_WARN_QUOTED_INCLUDE_IN_FRAMEWORK_HEADER = YES;
				CLANG_WARN_RANGE_LOOP_ANALYSIS = YES;
				CLANG_WARN_STRICT_PROTOTYPES = YES;
				CLANG_WARN_SUSPICIOUS_MOVE = YES;
				CLANG_WARN_UNGUARDED_AVAILABILITY = YES_AGGRESSIVE;
				CLANG_WARN_UNREACHABLE_CODE = YES;
				CLANG_WARN__DUPLICATE_METHOD_MATCH = YES;
				COPY_PHASE_STRIP = NO;
				DEBUG_INFORMATION_FORMAT = dwarf;
				ENABLE_STRICT_OBJC_MSGSEND = YES;
				ENABLE_TESTABILITY = YES;
				ENABLE_USER_SCRIPT_SANDBOXING = YES;
				GCC_C_LANGUAGE_STANDARD = gnu17;
				GCC_DYNAMIC_NO_PIC = NO;
				GCC_NO_COMMON_BLOCKS = YES;
				GCC_OPTIMIZATION_LEVEL = 0;
				GCC_PREPROCESSOR_DEFINITIONS = (
					"DEBUG=1",
					"$(inherited)",
				);
				GCC_WARN_64_TO_32_BIT_CONVERSION = YES;
				GCC_WARN_ABOUT_RETURN_TYPE = YES_ERROR;
				GCC_WARN_UNDECLARED_SELECTOR = YES;
				GCC_WARN_UNINITIALIZED_AUTOS = YES_AGGRESSIVE;
				GCC_WARN_UNUSED_FUNCTION = YES;
				GCC_WARN_UNUSED_VARIABLE = YES;
				IPHONEOS_DEPLOYMENT_TARGET = 17.2;
				LOCALIZATION_PREFERS_STRING_CATALOGS = YES;
				MTL_ENABLE_DEBUG_INFO = INCLUDE_SOURCE;
				MTL_FAST_MATH = YES;
				ONLY_ACTIVE_ARCH = YES;
				SDKROOT = iphoneos;
				SWIFT_ACTIVE_COMPILATION_CONDITIONS = "DEBUG $(inherited)";
				SWIFT_OPTIMIZATION_LEVEL = "-Onone";
			};
			name = Debug;
		};
		27A7D7F62B56B1230086D14A /* Release */ = {
			isa = XCBuildConfiguration;
			buildSettings = {
				ALWAYS_SEARCH_USER_PATHS = NO;
				ASSETCATALOG_COMPILER_GENERATE_SWIFT_ASSET_SYMBOL_EXTENSIONS = YES;
				CLANG_ANALYZER_NONNULL = YES;
				CLANG_ANALYZER_NUMBER_OBJECT_CONVERSION = YES_AGGRESSIVE;
				CLANG_CXX_LANGUAGE_STANDARD = "gnu++20";
				CLANG_ENABLE_MODULES = YES;
				CLANG_ENABLE_OBJC_ARC = YES;
				CLANG_ENABLE_OBJC_WEAK = YES;
				CLANG_WARN_BLOCK_CAPTURE_AUTORELEASING = YES;
				CLANG_WARN_BOOL_CONVERSION = YES;
				CLANG_WARN_COMMA = YES;
				CLANG_WARN_CONSTANT_CONVERSION = YES;
				CLANG_WARN_DEPRECATED_OBJC_IMPLEMENTATIONS = YES;
				CLANG_WARN_DIRECT_OBJC_ISA_USAGE = YES_ERROR;
				CLANG_WARN_DOCUMENTATION_COMMENTS = YES;
				CLANG_WARN_EMPTY_BODY = YES;
				CLANG_WARN_ENUM_CONVERSION = YES;
				CLANG_WARN_INFINITE_RECURSION = YES;
				CLANG_WARN_INT_CONVERSION = YES;
				CLANG_WARN_NON_LITERAL_NULL_CONVERSION = YES;
				CLANG_WARN_OBJC_IMPLICIT_RETAIN_SELF = YES;
				CLANG_WARN_OBJC_LITERAL_CONVERSION = YES;
				CLANG_WARN_OBJC_ROOT_CLASS = YES_ERROR;
				CLANG_WARN_QUOTED_INCLUDE_IN_FRAMEWORK_HEADER = YES;
				CLANG_WARN_RANGE_LOOP_ANALYSIS = YES;
				CLANG_WARN_STRICT_PROTOTYPES = YES;
				CLANG_WARN_SUSPICIOUS_MOVE = YES;
				CLANG_WARN_UNGUARDED_AVAILABILITY = YES_AGGRESSIVE;
				CLANG_WARN_UNREACHABLE_CODE = YES;
				CLANG_WARN__DUPLICATE_METHOD_MATCH = YES;
				COPY_PHASE_STRIP = NO;
				DEBUG_INFORMATION_FORMAT = "dwarf-with-dsym";
				ENABLE_NS_ASSERTIONS = NO;
				ENABLE_STRICT_OBJC_MSGSEND = YES;
				ENABLE_USER_SCRIPT_SANDBOXING = YES;
				GCC_C_LANGUAGE_STANDARD = gnu17;
				GCC_NO_COMMON_BLOCKS = YES;
				GCC_WARN_64_TO_32_BIT_CONVERSION = YES;
				GCC_WARN_ABOUT_RETURN_TYPE = YES_ERROR;
				GCC_WARN_UNDECLARED_SELECTOR = YES;
				GCC_WARN_UNINITIALIZED_AUTOS = YES_AGGRESSIVE;
				GCC_WARN_UNUSED_FUNCTION = YES;
				GCC_WARN_UNUSED_VARIABLE = YES;
				IPHONEOS_DEPLOYMENT_TARGET = 17.2;
				LOCALIZATION_PREFERS_STRING_CATALOGS = YES;
				MTL_ENABLE_DEBUG_INFO = NO;
				MTL_FAST_MATH = YES;
				SDKROOT = iphoneos;
				SWIFT_COMPILATION_MODE = wholemodule;
				VALIDATE_PRODUCT = YES;
			};
			name = Release;
		};
		27A7D7F82B56B1230086D14A /* Debug */ = {
			isa = XCBuildConfiguration;
			buildSettings = {
				ASSETCATALOG_COMPILER_APPICON_NAME = AppIcon;
				ASSETCATALOG_COMPILER_GLOBAL_ACCENT_COLOR_NAME = AccentColor;
				CODE_SIGN_STYLE = Automatic;
				CURRENT_PROJECT_VERSION = 1;
				GENERATE_INFOPLIST_FILE = YES;
				INFOPLIST_FILE = "CoreData3-Save/Info.plist";
				INFOPLIST_KEY_UIApplicationSupportsIndirectInputEvents = YES;
				INFOPLIST_KEY_UILaunchStoryboardName = LaunchScreen;
				INFOPLIST_KEY_UIMainStoryboardFile = Main;
				INFOPLIST_KEY_UISupportedInterfaceOrientations_iPad = "UIInterfaceOrientationPortrait UIInterfaceOrientationPortraitUpsideDown UIInterfaceOrientationLandscapeLeft UIInterfaceOrientationLandscapeRight";
				INFOPLIST_KEY_UISupportedInterfaceOrientations_iPhone = "UIInterfaceOrientationPortrait UIInterfaceOrientationLandscapeLeft UIInterfaceOrientationLandscapeRight";
				LD_RUNPATH_SEARCH_PATHS = (
					"$(inherited)",
					"@executable_path/Frameworks",
				);
				MARKETING_VERSION = 1.0;
				PRODUCT_BUNDLE_IDENTIFIER = "com.SocketIODemo.CoreData3-Save";
				PRODUCT_NAME = "$(TARGET_NAME)";
				SWIFT_EMIT_LOC_STRINGS = YES;
				SWIFT_VERSION = 5.0;
				TARGETED_DEVICE_FAMILY = "1,2";
			};
			name = Debug;
		};
		27A7D7F92B56B1230086D14A /* Release */ = {
			isa = XCBuildConfiguration;
			buildSettings = {
				ASSETCATALOG_COMPILER_APPICON_NAME = AppIcon;
				ASSETCATALOG_COMPILER_GLOBAL_ACCENT_COLOR_NAME = AccentColor;
				CODE_SIGN_STYLE = Automatic;
				CURRENT_PROJECT_VERSION = 1;
				GENERATE_INFOPLIST_FILE = YES;
				INFOPLIST_FILE = "CoreData3-Save/Info.plist";
				INFOPLIST_KEY_UIApplicationSupportsIndirectInputEvents = YES;
				INFOPLIST_KEY_UILaunchStoryboardName = LaunchScreen;
				INFOPLIST_KEY_UIMainStoryboardFile = Main;
				INFOPLIST_KEY_UISupportedInterfaceOrientations_iPad = "UIInterfaceOrientationPortrait UIInterfaceOrientationPortraitUpsideDown UIInterfaceOrientationLandscapeLeft UIInterfaceOrientationLandscapeRight";
				INFOPLIST_KEY_UISupportedInterfaceOrientations_iPhone = "UIInterfaceOrientationPortrait UIInterfaceOrientationLandscapeLeft UIInterfaceOrientationLandscapeRight";
				LD_RUNPATH_SEARCH_PATHS = (
					"$(inherited)",
					"@executable_path/Frameworks",
				);
				MARKETING_VERSION = 1.0;
				PRODUCT_BUNDLE_IDENTIFIER = "com.SocketIODemo.CoreData3-Save";
				PRODUCT_NAME = "$(TARGET_NAME)";
				SWIFT_EMIT_LOC_STRINGS = YES;
				SWIFT_VERSION = 5.0;
				TARGETED_DEVICE_FAMILY = "1,2";
			};
			name = Release;
		};
/* End XCBuildConfiguration section */

/* Begin XCConfigurationList section */
		27A7D7DB2B56B11F0086D14A /* Build configuration list for PBXProject "CoreData3-Save" */ = {
			isa = XCConfigurationList;
			buildConfigurations = (
				27A7D7F52B56B1230086D14A /* Debug */,
				27A7D7F62B56B1230086D14A /* Release */,
			);
			defaultConfigurationIsVisible = 0;
			defaultConfigurationName = Release;
		};
		27A7D7F72B56B1230086D14A /* Build configuration list for PBXNativeTarget "CoreData3-Save" */ = {
			isa = XCConfigurationList;
			buildConfigurations = (
				27A7D7F82B56B1230086D14A /* Debug */,
				27A7D7F92B56B1230086D14A /* Release */,
			);
			defaultConfigurationIsVisible = 0;
			defaultConfigurationName = Release;
		};
/* End XCConfigurationList section */

/* Begin XCVersionGroup section */
		27A7D7EC2B56B11F0086D14A /* CoreData3_Save.xcdatamodeld */ = {
			isa = XCVersionGroup;
			children = (
				27A7D7ED2B56B11F0086D14A /* CoreData3_Save.xcdatamodel */,
			);
			currentVersion = 27A7D7ED2B56B11F0086D14A /* CoreData3_Save.xcdatamodel */;
			path = CoreData3_Save.xcdatamodeld;
			sourceTree = "<group>";
			versionGroupType = wrapper.xcdatamodel;
		};
/* End XCVersionGroup section */
	};
	rootObject = 27A7D7D82B56B11F0086D14A /* Project object */;
}
